
Microsoft Visual Studio Solution File, Format Version 12.00
# Visual Studio Version 16
VisualStudioVersion = 16.0.30114.105
MinimumVisualStudioVersion = 10.0.40219.1
Project("{2150E333-8FDC-42A3-9474-1A3956D46DE8}") = "src", "src", "{1ADD886A-2496-4F12-A4AB-956921E0D90D}"
EndProject
Project("{2150E333-8FDC-42A3-9474-1A3956D46DE8}") = "1 - User.API", "1 - User.API", "{04922472-0C5F-49CB-A990-E513A9222BC3}"
EndProject
Project("{2150E333-8FDC-42A3-9474-1A3956D46DE8}") = "2 - User.Domain", "2 - User.Domain", "{7DAB6C8A-6E85-4E66-A6CA-6184BCC70649}"
EndProject
Project("{2150E333-8FDC-42A3-9474-1A3956D46DE8}") = "3 - User.Services", "3 - User.Services", "{42061424-6B1F-4054-B4D2-655DBD8D8E28}"
EndProject
Project("{2150E333-8FDC-42A3-9474-1A3956D46DE8}") = "4 - User.Infra", "4 - User.Infra", "{EB1026A5-ED35-4CD8-A8D3-8A500536A302}"
EndProject
Project("{2150E333-8FDC-42A3-9474-1A3956D46DE8}") = "4.1 - User.Infra.Data", "4.1 - User.Infra.Data", "{54587682-A71E-4DA6-AC34-FF71E4C4A53C}"
EndProject
Project("{2150E333-8FDC-42A3-9474-1A3956D46DE8}") = "4.2 - User.Infra.CrossCutting", "4.2 - User.Infra.CrossCutting", "{841F3D3D-A476-4A33-9F9F-5FAF429FA28C}"
EndProject
Project("{FAE04EC0-301F-11D3-BF4B-00C04F79EFBC}") = "User.API", "src\User.API\User.API.csproj", "{D60E1946-6E8F-462E-919F-378927769EEC}"
EndProject
Project("{FAE04EC0-301F-11D3-BF4B-00C04F79EFBC}") = "User.Domain", "src\User.Domain\User.Domain.csproj", "{DBDFA5ED-C464-4697-9532-1B649A9B8488}"
EndProject
Project("{FAE04EC0-301F-11D3-BF4B-00C04F79EFBC}") = "User.Services", "src\User.Services\User.Services.csproj", "{D969F65D-5699-4D4D-8A75-7A74A697CC15}"
EndProject
Project("{FAE04EC0-301F-11D3-BF4B-00C04F79EFBC}") = "User.Infra.Data", "src\User.Infra.Data\User.Infra.Data.csproj", "{FE4D8D41-AE02-4422-8D2E-DCB3CA63B9AE}"
EndProject
Project("{FAE04EC0-301F-11D3-BF4B-00C04F79EFBC}") = "User.Infra.CrossCutting", "src\User.Infra.CrossCutting\User.Infra.CrossCutting.csproj", "{8326E107-15D3-4802-9CA2-3147420F7926}"
EndProject
Global
	GlobalSection(SolutionConfigurationPlatforms) = preSolution
		Debug|Any CPU = Debug|Any CPU
		Debug|x64 = Debug|x64
		Debug|x86 = Debug|x86
		Release|Any CPU = Release|Any CPU
		Release|x64 = Release|x64
		Release|x86 = Release|x86
	EndGlobalSection
	GlobalSection(ProjectConfigurationPlatforms) = postSolution
		{D60E1946-6E8F-462E-919F-378927769EEC}.Debug|Any CPU.ActiveCfg = Debug|Any CPU
		{D60E1946-6E8F-462E-919F-378927769EEC}.Debug|Any CPU.Build.0 = Debug|Any CPU
		{D60E1946-6E8F-462E-919F-378927769EEC}.Debug|x64.ActiveCfg = Debug|Any CPU
		{D60E1946-6E8F-462E-919F-378927769EEC}.Debug|x64.Build.0 = Debug|Any CPU
		{D60E1946-6E8F-462E-919F-378927769EEC}.Debug|x86.ActiveCfg = Debug|Any CPU
		{D60E1946-6E8F-462E-919F-378927769EEC}.Debug|x86.Build.0 = Debug|Any CPU
		{D60E1946-6E8F-462E-919F-378927769EEC}.Release|Any CPU.ActiveCfg = Release|Any CPU
		{D60E1946-6E8F-462E-919F-378927769EEC}.Release|Any CPU.Build.0 = Release|Any CPU
		{D60E1946-6E8F-462E-919F-378927769EEC}.Release|x64.ActiveCfg = Release|Any CPU
		{D60E1946-6E8F-462E-919F-378927769EEC}.Release|x64.Build.0 = Release|Any CPU
		{D60E1946-6E8F-462E-919F-378927769EEC}.Release|x86.ActiveCfg = Release|Any CPU
		{D60E1946-6E8F-462E-919F-378927769EEC}.Release|x86.Build.0 = Release|Any CPU
		{DBDFA5ED-C464-4697-9532-1B649A9B8488}.Debug|Any CPU.ActiveCfg = Debug|Any CPU
		{DBDFA5ED-C464-4697-9532-1B649A9B8488}.Debug|Any CPU.Build.0 = Debug|Any CPU
		{DBDFA5ED-C464-4697-9532-1B649A9B8488}.Debug|x64.ActiveCfg = Debug|Any CPU
		{DBDFA5ED-C464-4697-9532-1B649A9B8488}.Debug|x64.Build.0 = Debug|Any CPU
		{DBDFA5ED-C464-4697-9532-1B649A9B8488}.Debug|x86.ActiveCfg = Debug|Any CPU
		{DBDFA5ED-C464-4697-9532-1B649A9B8488}.Debug|x86.Build.0 = Debug|Any CPU
		{DBDFA5ED-C464-4697-9532-1B649A9B8488}.Release|Any CPU.ActiveCfg = Release|Any CPU
		{DBDFA5ED-C464-4697-9532-1B649A9B8488}.Release|Any CPU.Build.0 = Release|Any CPU
		{DBDFA5ED-C464-4697-9532-1B649A9B8488}.Release|x64.ActiveCfg = Release|Any CPU
		{DBDFA5ED-C464-4697-9532-1B649A9B8488}.Release|x64.Build.0 = Release|Any CPU
		{DBDFA5ED-C464-4697-9532-1B649A9B8488}.Release|x86.ActiveCfg = Release|Any CPU
		{DBDFA5ED-C464-4697-9532-1B649A9B8488}.Release|x86.Build.0 = Release|Any CPU
		{D969F65D-5699-4D4D-8A75-7A74A697CC15}.Debug|Any CPU.ActiveCfg = Debug|Any CPU
		{D969F65D-5699-4D4D-8A75-7A74A697CC15}.Debug|Any CPU.Build.0 = Debug|Any CPU
		{D969F65D-5699-4D4D-8A75-7A74A697CC15}.Debug|x64.ActiveCfg = Debug|Any CPU
		{D969F65D-5699-4D4D-8A75-7A74A697CC15}.Debug|x64.Build.0 = Debug|Any CPU
		{D969F65D-5699-4D4D-8A75-7A74A697CC15}.Debug|x86.ActiveCfg = Debug|Any CPU
		{D969F65D-5699-4D4D-8A75-7A74A697CC15}.Debug|x86.Build.0 = Debug|Any CPU
		{D969F65D-5699-4D4D-8A75-7A74A697CC15}.Release|Any CPU.ActiveCfg = Release|Any CPU
		{D969F65D-5699-4D4D-8A75-7A74A697CC15}.Release|Any CPU.Build.0 = Release|Any CPU
		{D969F65D-5699-4D4D-8A75-7A74A697CC15}.Release|x64.ActiveCfg = Release|Any CPU
		{D969F65D-5699-4D4D-8A75-7A74A697CC15}.Release|x64.Build.0 = Release|Any CPU
		{D969F65D-5699-4D4D-8A75-7A74A697CC15}.Release|x86.ActiveCfg = Release|Any CPU
		{D969F65D-5699-4D4D-8A75-7A74A697CC15}.Release|x86.Build.0 = Release|Any CPU
		{FE4D8D41-AE02-4422-8D2E-DCB3CA63B9AE}.Debug|Any CPU.ActiveCfg = Debug|Any CPU
		{FE4D8D41-AE02-4422-8D2E-DCB3CA63B9AE}.Debug|Any CPU.Build.0 = Debug|Any CPU
		{FE4D8D41-AE02-4422-8D2E-DCB3CA63B9AE}.Debug|x64.ActiveCfg = Debug|Any CPU
		{FE4D8D41-AE02-4422-8D2E-DCB3CA63B9AE}.Debug|x64.Build.0 = Debug|Any CPU
		{FE4D8D41-AE02-4422-8D2E-DCB3CA63B9AE}.Debug|x86.ActiveCfg = Debug|Any CPU
		{FE4D8D41-AE02-4422-8D2E-DCB3CA63B9AE}.Debug|x86.Build.0 = Debug|Any CPU
		{FE4D8D41-AE02-4422-8D2E-DCB3CA63B9AE}.Release|Any CPU.ActiveCfg = Release|Any CPU
		{FE4D8D41-AE02-4422-8D2E-DCB3CA63B9AE}.Release|Any CPU.Build.0 = Release|Any CPU
		{FE4D8D41-AE02-4422-8D2E-DCB3CA63B9AE}.Release|x64.ActiveCfg = Release|Any CPU
		{FE4D8D41-AE02-4422-8D2E-DCB3CA63B9AE}.Release|x64.Build.0 = Release|Any CPU
		{FE4D8D41-AE02-4422-8D2E-DCB3CA63B9AE}.Release|x86.ActiveCfg = Release|Any CPU
		{FE4D8D41-AE02-4422-8D2E-DCB3CA63B9AE}.Release|x86.Build.0 = Release|Any CPU
		{8326E107-15D3-4802-9CA2-3147420F7926}.Debug|Any CPU.ActiveCfg = Debug|Any CPU
		{8326E107-15D3-4802-9CA2-3147420F7926}.Debug|Any CPU.Build.0 = Debug|Any CPU
		{8326E107-15D3-4802-9CA2-3147420F7926}.Debug|x64.ActiveCfg = Debug|Any CPU
		{8326E107-15D3-4802-9CA2-3147420F7926}.Debug|x64.Build.0 = Debug|Any CPU
		{8326E107-15D3-4802-9CA2-3147420F7926}.Debug|x86.ActiveCfg = Debug|Any CPU
		{8326E107-15D3-4802-9CA2-3147420F7926}.Debug|x86.Build.0 = Debug|Any CPU
		{8326E107-15D3-4802-9CA2-3147420F7926}.Release|Any CPU.ActiveCfg = Release|Any CPU
		{8326E107-15D3-4802-9CA2-3147420F7926}.Release|Any CPU.Build.0 = Release|Any CPU
		{8326E107-15D3-4802-9CA2-3147420F7926}.Release|x64.ActiveCfg = Release|Any CPU
		{8326E107-15D3-4802-9CA2-3147420F7926}.Release|x64.Build.0 = Release|Any CPU
		{8326E107-15D3-4802-9CA2-3147420F7926}.Release|x86.ActiveCfg = Release|Any CPU
		{8326E107-15D3-4802-9CA2-3147420F7926}.Release|x86.Build.0 = Release|Any CPU
	EndGlobalSection
	GlobalSection(SolutionProperties) = preSolution
		HideSolutionNode = FALSE
	EndGlobalSection
	GlobalSection(NestedProjects) = preSolution
		{04922472-0C5F-49CB-A990-E513A9222BC3} = {1ADD886A-2496-4F12-A4AB-956921E0D90D}
		{7DAB6C8A-6E85-4E66-A6CA-6184BCC70649} = {1ADD886A-2496-4F12-A4AB-956921E0D90D}
		{42061424-6B1F-4054-B4D2-655DBD8D8E28} = {1ADD886A-2496-4F12-A4AB-956921E0D90D}
		{EB1026A5-ED35-4CD8-A8D3-8A500536A302} = {1ADD886A-2496-4F12-A4AB-956921E0D90D}
		{54587682-A71E-4DA6-AC34-FF71E4C4A53C} = {EB1026A5-ED35-4CD8-A8D3-8A500536A302}
		{841F3D3D-A476-4A33-9F9F-5FAF429FA28C} = {EB1026A5-ED35-4CD8-A8D3-8A500536A302}
		{D60E1946-6E8F-462E-919F-378927769EEC} = {04922472-0C5F-49CB-A990-E513A9222BC3}
		{DBDFA5ED-C464-4697-9532-1B649A9B8488} = {7DAB6C8A-6E85-4E66-A6CA-6184BCC70649}
		{D969F65D-5699-4D4D-8A75-7A74A697CC15} = {42061424-6B1F-4054-B4D2-655DBD8D8E28}
		{FE4D8D41-AE02-4422-8D2E-DCB3CA63B9AE} = {54587682-A71E-4DA6-AC34-FF71E4C4A53C}
		{8326E107-15D3-4802-9CA2-3147420F7926} = {841F3D3D-A476-4A33-9F9F-5FAF429FA28C}
	EndGlobalSection
	GlobalSection(ExtensibilityGlobals) = postSolution
		SolutionGuid = {DD5E5749-4307-4800-95A7-6D8C3215970E}
	EndGlobalSection
EndGlobal
